// !$*UTF8*$!
{
	archiveVersion = 1;
	classes = {
	};
	objectVersion = 46;
	objects = {

/* Begin PBXBuildFile section */
		A3EB1803186D8DA5000B0CDA /* Foundation.framework in Frameworks */ = {isa = PBXBuildFile; fileRef = A3EB1802186D8DA5000B0CDA /* Foundation.framework */; };
		A3EB1805186D8DA5000B0CDA /* CoreGraphics.framework in Frameworks */ = {isa = PBXBuildFile; fileRef = A3EB1804186D8DA5000B0CDA /* CoreGraphics.framework */; };
		A3EB1807186D8DA5000B0CDA /* UIKit.framework in Frameworks */ = {isa = PBXBuildFile; fileRef = A3EB1806186D8DA5000B0CDA /* UIKit.framework */; };
		A3EB180D186D8DA5000B0CDA /* InfoPlist.strings in Resources */ = {isa = PBXBuildFile; fileRef = A3EB180B186D8DA5000B0CDA /* InfoPlist.strings */; };
		A3EB180F186D8DA5000B0CDA /* main.m in Sources */ = {isa = PBXBuildFile; fileRef = A3EB180E186D8DA5000B0CDA /* main.m */; };
		A3EB1813186D8DA5000B0CDA /* AppDelegate.m in Sources */ = {isa = PBXBuildFile; fileRef = A3EB1812186D8DA5000B0CDA /* AppDelegate.m */; };
		A3EB1816186D8DA5000B0CDA /* Main.storyboard in Resources */ = {isa = PBXBuildFile; fileRef = A3EB1814186D8DA5000B0CDA /* Main.storyboard */; };
		A3EB1819186D8DA5000B0CDA /* ViewController.m in Sources */ = {isa = PBXBuildFile; fileRef = A3EB1818186D8DA5000B0CDA /* ViewController.m */; };
		A3EB181B186D8DA5000B0CDA /* Images.xcassets in Resources */ = {isa = PBXBuildFile; fileRef = A3EB181A186D8DA5000B0CDA /* Images.xcassets */; };
		A3EB1822186D8DA5000B0CDA /* XCTest.framework in Frameworks */ = {isa = PBXBuildFile; fileRef = A3EB1821186D8DA5000B0CDA /* XCTest.framework */; };
		A3EB1823186D8DA5000B0CDA /* Foundation.framework in Frameworks */ = {isa = PBXBuildFile; fileRef = A3EB1802186D8DA5000B0CDA /* Foundation.framework */; };
		A3EB1824186D8DA5000B0CDA /* UIKit.framework in Frameworks */ = {isa = PBXBuildFile; fileRef = A3EB1806186D8DA5000B0CDA /* UIKit.framework */; };
		A3EB182C186D8DA6000B0CDA /* InfoPlist.strings in Resources */ = {isa = PBXBuildFile; fileRef = A3EB182A186D8DA6000B0CDA /* InfoPlist.strings */; };
		A3EB182E186D8DA6000B0CDA /* gdgTests.m in Sources */ = {isa = PBXBuildFile; fileRef = A3EB182D186D8DA6000B0CDA /* gdgTests.m */; };
/* End PBXBuildFile section */

/* Begin PBXContainerItemProxy section */
		A3EB1825186D8DA6000B0CDA /* PBXContainerItemProxy */ = {
			isa = PBXContainerItemProxy;
			containerPortal = A3EB17F7186D8DA5000B0CDA /* Project object */;
			proxyType = 1;
			remoteGlobalIDString = A3EB17FE186D8DA5000B0CDA;
			remoteInfo = gdg;
		};
/* End PBXContainerItemProxy section */

/* Begin PBXFileReference section */
		A3EB17FF186D8DA5000B0CDA /* gdg.app */ = {isa = PBXFileReference; explicitFileType = wrapper.application; includeInIndex = 0; path = gdg.app; sourceTree = BUILT_PRODUCTS_DIR; };
		A3EB1802186D8DA5000B0CDA /* Foundation.framework */ = {isa = PBXFileReference; lastKnownFileType = wrapper.framework; name = Foundation.framework; path = System/Library/Frameworks/Foundation.framework; sourceTree = SDKROOT; };
		A3EB1804186D8DA5000B0CDA /* CoreGraphics.framework */ = {isa = PBXFileReference; lastKnownFileType = wrapper.framework; name = CoreGraphics.framework; path = System/Library/Frameworks/CoreGraphics.framework; sourceTree = SDKROOT; };
		A3EB1806186D8DA5000B0CDA /* UIKit.framework */ = {isa = PBXFileReference; lastKnownFileType = wrapper.framework; name = UIKit.framework; path = System/Library/Frameworks/UIKit.framework; sourceTree = SDKROOT; };
		A3EB180A186D8DA5000B0CDA /* gdg-Info.plist */ = {isa = PBXFileReference; lastKnownFileType = text.plist.xml; path = "gdg-Info.plist"; sourceTree = "<group>"; };
		A3EB180C186D8DA5000B0CDA /* en */ = {isa = PBXFileReference; lastKnownFileType = text.plist.strings; name = en; path = en.lproj/InfoPlist.strings; sourceTree = "<group>"; };
		A3EB180E186D8DA5000B0CDA /* main.m */ = {isa = PBXFileReference; lastKnownFileType = sourcecode.c.objc; path = main.m; sourceTree = "<group>"; };
		A3EB1810186D8DA5000B0CDA /* gdg-Prefix.pch */ = {isa = PBXFileReference; lastKnownFileType = sourcecode.c.h; path = "gdg-Prefix.pch"; sourceTree = "<group>"; };
		A3EB1811186D8DA5000B0CDA /* AppDelegate.h */ = {isa = PBXFileReference; lastKnownFileType = sourcecode.c.h; path = AppDelegate.h; sourceTree = "<group>"; };
		A3EB1812186D8DA5000B0CDA /* AppDelegate.m */ = {isa = PBXFileReference; lastKnownFileType = sourcecode.c.objc; path = AppDelegate.m; sourceTree = "<group>"; };
		A3EB1815186D8DA5000B0CDA /* Base */ = {isa = PBXFileReference; lastKnownFileType = file.storyboard; name = Base; path = Base.lproj/Main.storyboard; sourceTree = "<group>"; };
		A3EB1817186D8DA5000B0CDA /* ViewController.h */ = {isa = PBXFileReference; lastKnownFileType = sourcecode.c.h; path = ViewController.h; sourceTree = "<group>"; };
		A3EB1818186D8DA5000B0CDA /* ViewController.m */ = {isa = PBXFileReference; lastKnownFileType = sourcecode.c.objc; path = ViewController.m; sourceTree = "<group>"; };
		A3EB181A186D8DA5000B0CDA /* Images.xcassets */ = {isa = PBXFileReference; lastKnownFileType = folder.assetcatalog; path = Images.xcassets; sourceTree = "<group>"; };
		A3EB1820186D8DA5000B0CDA /* gdgTests.xctest */ = {isa = PBXFileReference; explicitFileType = wrapper.cfbundle; includeInIndex = 0; path = gdgTests.xctest; sourceTree = BUILT_PRODUCTS_DIR; };
		A3EB1821186D8DA5000B0CDA /* XCTest.framework */ = {isa = PBXFileReference; lastKnownFileType = wrapper.framework; name = XCTest.framework; path = Library/Frameworks/XCTest.framework; sourceTree = DEVELOPER_DIR; };
		A3EB1829186D8DA6000B0CDA /* gdgTests-Info.plist */ = {isa = PBXFileReference; lastKnownFileType = text.plist.xml; path = "gdgTests-Info.plist"; sourceTree = "<group>"; };
		A3EB182B186D8DA6000B0CDA /* en */ = {isa = PBXFileReference; lastKnownFileType = text.plist.strings; name = en; path = en.lproj/InfoPlist.strings; sourceTree = "<group>"; };
		A3EB182D186D8DA6000B0CDA /* gdgTests.m */ = {isa = PBXFileReference; lastKnownFileType = sourcecode.c.objc; path = gdgTests.m; sourceTree = "<group>"; };
/* End PBXFileReference section */

/* Begin PBXFrameworksBuildPhase section */
		A3EB17FC186D8DA5000B0CDA /* Frameworks */ = {
			isa = PBXFrameworksBuildPhase;
			buildActionMask = 2147483647;
			files = (
				A3EB1805186D8DA5000B0CDA /* CoreGraphics.framework in Frameworks */,
				A3EB1807186D8DA5000B0CDA /* UIKit.framework in Frameworks */,
				A3EB1803186D8DA5000B0CDA /* Foundation.framework in Frameworks */,
			);
			runOnlyForDeploymentPostprocessing = 0;
		};
		A3EB181D186D8DA5000B0CDA /* Frameworks */ = {
			isa = PBXFrameworksBuildPhase;
			buildActionMask = 2147483647;
			files = (
				A3EB1822186D8DA5000B0CDA /* XCTest.framework in Frameworks */,
				A3EB1824186D8DA5000B0CDA /* UIKit.framework in Frameworks */,
				A3EB1823186D8DA5000B0CDA /* Foundation.framework in Frameworks */,
			);
			runOnlyForDeploymentPostprocessing = 0;
		};
/* End PBXFrameworksBuildPhase section */

/* Begin PBXGroup section */
		A3EB17F6186D8DA5000B0CDA = {
			isa = PBXGroup;
			children = (
				A3EB1808186D8DA5000B0CDA /* gdg */,
				A3EB1827186D8DA6000B0CDA /* gdgTests */,
				A3EB1801186D8DA5000B0CDA /* Frameworks */,
				A3EB1800186D8DA5000B0CDA /* Products */,
			);
			sourceTree = "<group>";
		};
		A3EB1800186D8DA5000B0CDA /* Products */ = {
			isa = PBXGroup;
			children = (
				A3EB17FF186D8DA5000B0CDA /* gdg.app */,
				A3EB1820186D8DA5000B0CDA /* gdgTests.xctest */,
			);
			name = Products;
			sourceTree = "<group>";
		};
		A3EB1801186D8DA5000B0CDA /* Frameworks */ = {
			isa = PBXGroup;
			children = (
				A3EB1802186D8DA5000B0CDA /* Foundation.framework */,
				A3EB1804186D8DA5000B0CDA /* CoreGraphics.framework */,
				A3EB1806186D8DA5000B0CDA /* UIKit.framework */,
				A3EB1821186D8DA5000B0CDA /* XCTest.framework */,
			);
			name = Frameworks;
			sourceTree = "<group>";
		};
		A3EB1808186D8DA5000B0CDA /* gdg */ = {
			isa = PBXGroup;
			children = (
				A3EB1811186D8DA5000B0CDA /* AppDelegate.h */,
				A3EB1812186D8DA5000B0CDA /* AppDelegate.m */,
				A3EB1814186D8DA5000B0CDA /* Main.storyboard */,
				A3EB1817186D8DA5000B0CDA /* ViewController.h */,
				A3EB1818186D8DA5000B0CDA /* ViewController.m */,
				A3EB181A186D8DA5000B0CDA /* Images.xcassets */,
				A3EB1809186D8DA5000B0CDA /* Supporting Files */,
			);
			path = gdg;
			sourceTree = "<group>";
		};
		A3EB1809186D8DA5000B0CDA /* Supporting Files */ = {
			isa = PBXGroup;
			children = (
				A3EB180A186D8DA5000B0CDA /* gdg-Info.plist */,
				A3EB180B186D8DA5000B0CDA /* InfoPlist.strings */,
				A3EB180E186D8DA5000B0CDA /* main.m */,
				A3EB1810186D8DA5000B0CDA /* gdg-Prefix.pch */,
			);
			name = "Supporting Files";
			sourceTree = "<group>";
		};
		A3EB1827186D8DA6000B0CDA /* gdgTests */ = {
			isa = PBXGroup;
			children = (
				A3EB182D186D8DA6000B0CDA /* gdgTests.m */,
				A3EB1828186D8DA6000B0CDA /* Supporting Files */,
			);
			path = gdgTests;
			sourceTree = "<group>";
		};
		A3EB1828186D8DA6000B0CDA /* Supporting Files */ = {
			isa = PBXGroup;
			children = (
				A3EB1829186D8DA6000B0CDA /* gdgTests-Info.plist */,
				A3EB182A186D8DA6000B0CDA /* InfoPlist.strings */,
			);
			name = "Supporting Files";
			sourceTree = "<group>";
		};
/* End PBXGroup section */

/* Begin PBXNativeTarget section */
		A3EB17FE186D8DA5000B0CDA /* gdg */ = {
			isa = PBXNativeTarget;
			buildConfigurationList = A3EB1831186D8DA6000B0CDA /* Build configuration list for PBXNativeTarget "gdg" */;
			buildPhases = (
				A3EB17FB186D8DA5000B0CDA /* Sources */,
				A3EB17FC186D8DA5000B0CDA /* Frameworks */,
				A3EB17FD186D8DA5000B0CDA /* Resources */,
			);
			buildRules = (
			);
			dependencies = (
			);
			name = gdg;
			productName = gdg;
			productReference = A3EB17FF186D8DA5000B0CDA /* gdg.app */;
			productType = "com.apple.product-type.application";
		};
		A3EB181F186D8DA5000B0CDA /* gdgTests */ = {
			isa = PBXNativeTarget;
			buildConfigurationList = A3EB1834186D8DA6000B0CDA /* Build configuration list for PBXNativeTarget "gdgTests" */;
			buildPhases = (
				A3EB181C186D8DA5000B0CDA /* Sources */,
				A3EB181D186D8DA5000B0CDA /* Frameworks */,
				A3EB181E186D8DA5000B0CDA /* Resources */,
			);
			buildRules = (
			);
			dependencies = (
				A3EB1826186D8DA6000B0CDA /* PBXTargetDependency */,
			);
			name = gdgTests;
			productName = gdgTests;
			productReference = A3EB1820186D8DA5000B0CDA /* gdgTests.xctest */;
			productType = "com.apple.product-type.bundle.unit-test";
		};
/* End PBXNativeTarget section */

/* Begin PBXProject section */
		A3EB17F7186D8DA5000B0CDA /* Project object */ = {
			isa = PBXProject;
			attributes = {
				LastUpgradeCheck = 0500;
				ORGANIZATIONNAME = "Prince Stevie-Ray Charles Balabis";
				TargetAttributes = {
					A3EB181F186D8DA5000B0CDA = {
						TestTargetID = A3EB17FE186D8DA5000B0CDA;
					};
				};
			};
			buildConfigurationList = A3EB17FA186D8DA5000B0CDA /* Build configuration list for PBXProject "gdg" */;
			compatibilityVersion = "Xcode 3.2";
			developmentRegion = English;
			hasScannedForEncodings = 0;
			knownRegions = (
				en,
				Base,
			);
			mainGroup = A3EB17F6186D8DA5000B0CDA;
			productRefGroup = A3EB1800186D8DA5000B0CDA /* Products */;
			projectDirPath = "";
			projectRoot = "";
			targets = (
				A3EB17FE186D8DA5000B0CDA /* gdg */,
				A3EB181F186D8DA5000B0CDA /* gdgTests */,
			);
		};
/* End PBXProject section */

/* Begin PBXResourcesBuildPhase section */
		A3EB17FD186D8DA5000B0CDA /* Resources */ = {
			isa = PBXResourcesBuildPhase;
			buildActionMask = 2147483647;
			files = (
				A3EB181B186D8DA5000B0CDA /* Images.xcassets in Resources */,
				A3EB180D186D8DA5000B0CDA /* InfoPlist.strings in Resources */,
				A3EB1816186D8DA5000B0CDA /* Main.storyboard in Resources */,
			);
			runOnlyForDeploymentPostprocessing = 0;
		};
		A3EB181E186D8DA5000B0CDA /* Resources */ = {
			isa = PBXResourcesBuildPhase;
			buildActionMask = 2147483647;
			files = (
				A3EB182C186D8DA6000B0CDA /* InfoPlist.strings in Resources */,
			);
			runOnlyForDeploymentPostprocessing = 0;
		};
/* End PBXResourcesBuildPhase section */

/* Begin PBXSourcesBuildPhase section */
		A3EB17FB186D8DA5000B0CDA /* Sources */ = {
			isa = PBXSourcesBuildPhase;
			buildActionMask = 2147483647;
			files = (
				A3EB1819186D8DA5000B0CDA /* ViewController.m in Sources */,
				A3EB1813186D8DA5000B0CDA /* AppDelegate.m in Sources */,
				A3EB180F186D8DA5000B0CDA /* main.m in Sources */,
			);
			runOnlyForDeploymentPostprocessing = 0;
		};
		A3EB181C186D8DA5000B0CDA /* Sources */ = {
			isa = PBXSourcesBuildPhase;
			buildActionMask = 2147483647;
			files = (
				A3EB182E186D8DA6000B0CDA /* gdgTests.m in Sources */,
			);
			runOnlyForDeploymentPostprocessing = 0;
		};
/* End PBXSourcesBuildPhase section */

/* Begin PBXTargetDependency section */
		A3EB1826186D8DA6000B0CDA /* PBXTargetDependency */ = {
			isa = PBXTargetDependency;
			target = A3EB17FE186D8DA5000B0CDA /* gdg */;
			targetProxy = A3EB1825186D8DA6000B0CDA /* PBXContainerItemProxy */;
		};
/* End PBXTargetDependency section */

/* Begin PBXVariantGroup section */
		A3EB180B186D8DA5000B0CDA /* InfoPlist.strings */ = {
			isa = PBXVariantGroup;
			children = (
				A3EB180C186D8DA5000B0CDA /* en */,
			);
			name = InfoPlist.strings;
			sourceTree = "<group>";
		};
		A3EB1814186D8DA5000B0CDA /* Main.storyboard */ = {
			isa = PBXVariantGroup;
			children = (
				A3EB1815186D8DA5000B0CDA /* Base */,
			);
			name = Main.storyboard;
			sourceTree = "<group>";
		};
		A3EB182A186D8DA6000B0CDA /* InfoPlist.strings */ = {
			isa = PBXVariantGroup;
			children = (
				A3EB182B186D8DA6000B0CDA /* en */,
			);
			name = InfoPlist.strings;
			sourceTree = "<group>";
		};
/* End PBXVariantGroup section */

/* Begin XCBuildConfiguration section */
		A3EB182F186D8DA6000B0CDA /* Debug */ = {
			isa = XCBuildConfiguration;
			buildSettings = {
				ALWAYS_SEARCH_USER_PATHS = NO;
				ARCHS = "$(ARCHS_STANDARD_INCLUDING_64_BIT)";
				CLANG_CXX_LANGUAGE_STANDARD = "gnu++0x";
				CLANG_CXX_LIBRARY = "libc++";
				CLANG_ENABLE_MODULES = YES;
				CLANG_ENABLE_OBJC_ARC = YES;
				CLANG_WARN_BOOL_CONVERSION = YES;
				CLANG_WARN_CONSTANT_CONVERSION = YES;
				CLANG_WARN_DIRECT_OBJC_ISA_USAGE = YES_ERROR;
				CLANG_WARN_EMPTY_BODY = YES;
				CLANG_WARN_ENUM_CONVERSION = YES;
				CLANG_WARN_INT_CONVERSION = YES;
				CLANG_WARN_OBJC_ROOT_CLASS = YES_ERROR;
				CLANG_WARN__DUPLICATE_METHOD_MATCH = YES;
				"CODE_SIGN_IDENTITY[sdk=iphoneos*]" = "iPhone Developer";
				COPY_PHASE_STRIP = NO;
				GCC_C_LANGUAGE_STANDARD = gnu99;
				GCC_DYNAMIC_NO_PIC = NO;
				GCC_OPTIMIZATION_LEVEL = 0;
				GCC_PREPROCESSOR_DEFINITIONS = (
					"DEBUG=1",
					"$(inherited)",
				);
				GCC_SYMBOLS_PRIVATE_EXTERN = NO;
				GCC_WARN_64_TO_32_BIT_CONVERSION = YES;
				GCC_WARN_ABOUT_RETURN_TYPE = YES_ERROR;
				GCC_WARN_UNDECLARED_SELECTOR = YES;
				GCC_WARN_UNINITIALIZED_AUTOS = YES;
				GCC_WARN_UNUSED_FUNCTION = YES;
				GCC_WARN_UNUSED_VARIABLE = YES;
				IPHONEOS_DEPLOYMENT_TARGET = 7.0;
				ONLY_ACTIVE_ARCH = YES;
				SDKROOT = iphoneos;
			};
			name = Debug;
		};
		A3EB1830186D8DA6000B0CDA /* Release */ = {
			isa = XCBuildConfiguration;
			buildSettings = {
				ALWAYS_SEARCH_USER_PATHS = NO;
				ARCHS = "$(ARCHS_STANDARD_INCLUDING_64_BIT)";
				CLANG_CXX_LANGUAGE_STANDARD = "gnu++0x";
				CLANG_CXX_LIBRARY = "libc++";
				CLANG_ENABLE_MODULES = YES;
				CLANG_ENABLE_OBJC_ARC = YES;
				CLANG_WARN_BOOL_CONVERSION = YES;
				CLANG_WARN_CONSTANT_CONVERSION = YES;
				CLANG_WARN_DIRECT_OBJC_ISA_USAGE = YES_ERROR;
				CLANG_WARN_EMPTY_BODY = YES;
				CLANG_WARN_ENUM_CONVERSION = YES;
				CLANG_WARN_INT_CONVERSION = YES;
				CLANG_WARN_OBJC_ROOT_CLASS = YES_ERROR;
				CLANG_WARN__DUPLICATE_METHOD_MATCH = YES;
				"CODE_SIGN_IDENTITY[sdk=iphoneos*]" = "iPhone Developer";
				COPY_PHASE_STRIP = YES;
				ENABLE_NS_ASSERTIONS = NO;
				GCC_C_LANGUAGE_STANDARD = gnu99;
				GCC_WARN_64_TO_32_BIT_CONVERSION = YES;
				GCC_WARN_ABOUT_RETURN_TYPE = YES_ERROR;
				GCC_WARN_UNDECLARED_SELECTOR = YES;
				GCC_WARN_UNINITIALIZED_AUTOS = YES;
				GCC_WARN_UNUSED_FUNCTION = YES;
				GCC_WARN_UNUSED_VARIABLE = YES;
				IPHONEOS_DEPLOYMENT_TARGET = 7.0;
				SDKROOT = iphoneos;
				VALIDATE_PRODUCT = YES;
			};
			name = Release;
		};
		A3EB1832186D8DA6000B0CDA /* Debug */ = {
			isa = XCBuildConfiguration;
			buildSettings = {
				ASSETCATALOG_COMPILER_APPICON_NAME = AppIcon;
				ASSETCATALOG_COMPILER_LAUNCHIMAGE_NAME = LaunchImage;
				GCC_PRECOMPILE_PREFIX_HEADER = YES;
				GCC_PREFIX_HEADER = "gdg/gdg-Prefix.pch";
				INFOPLIST_FILE = "gdg/gdg-Info.plist";
				PRODUCT_NAME = "$(TARGET_NAME)";
				WRAPPER_EXTENSION = app;
			};
			name = Debug;
		};
		A3EB1833186D8DA6000B0CDA /* Release */ = {
			isa = XCBuildConfiguration;
			buildSettings = {
				ASSETCATALOG_COMPILER_APPICON_NAME = AppIcon;
				ASSETCATALOG_COMPILER_LAUNCHIMAGE_NAME = LaunchImage;
				GCC_PRECOMPILE_PREFIX_HEADER = YES;
				GCC_PREFIX_HEADER = "gdg/gdg-Prefix.pch";
				INFOPLIST_FILE = "gdg/gdg-Info.plist";
				PRODUCT_NAME = "$(TARGET_NAME)";
				WRAPPER_EXTENSION = app;
			};
			name = Release;
		};
		A3EB1835186D8DA6000B0CDA /* Debug */ = {
			isa = XCBuildConfiguration;
			buildSettings = {
				ARCHS = "$(ARCHS_STANDARD_INCLUDING_64_BIT)";
				BUNDLE_LOADER = "$(BUILT_PRODUCTS_DIR)/gdg.app/gdg";
				FRAMEWORK_SEARCH_PATHS = (
					"$(SDKROOT)/Developer/Library/Frameworks",
					"$(inherited)",
					"$(DEVELOPER_FRAMEWORKS_DIR)",
				);
				GCC_PRECOMPILE_PREFIX_HEADER = YES;
				GCC_PREFIX_HEADER = "gdg/gdg-Prefix.pch";
				GCC_PREPROCESSOR_DEFINITIONS = (
					"DEBUG=1",
					"$(inherited)",
				);
				INFOPLIST_FILE = "gdgTests/gdgTests-Info.plist";
				PRODUCT_NAME = "$(TARGET_NAME)";
				TEST_HOST = "$(BUNDLE_LOADER)";
				WRAPPER_EXTENSION = xctest;
			};
			name = Debug;
		};
		A3EB1836186D8DA6000B0CDA /* Release */ = {
			isa = XCBuildConfiguration;
			buildSettings = {
				ARCHS = "$(ARCHS_STANDARD_INCLUDING_64_BIT)";
				BUNDLE_LOADER = "$(BUILT_PRODUCTS_DIR)/gdg.app/gdg";
				FRAMEWORK_SEARCH_PATHS = (
					"$(SDKROOT)/Developer/Library/Frameworks",
					"$(inherited)",
					"$(DEVELOPER_FRAMEWORKS_DIR)",
				);
				GCC_PRECOMPILE_PREFIX_HEADER = YES;
				GCC_PREFIX_HEADER = "gdg/gdg-Prefix.pch";
				INFOPLIST_FILE = "gdgTests/gdgTests-Info.plist";
				PRODUCT_NAME = "$(TARGET_NAME)";
				TEST_HOST = "$(BUNDLE_LOADER)";
				WRAPPER_EXTENSION = xctest;
			};
			name = Release;
		};
/* End XCBuildConfiguration section */

/* Begin XCConfigurationList section */
		A3EB17FA186D8DA5000B0CDA /* Build configuration list for PBXProject "gdg" */ = {
			isa = XCConfigurationList;
			buildConfigurations = (
				A3EB182F186D8DA6000B0CDA /* Debug */,
				A3EB1830186D8DA6000B0CDA /* Release */,
			);
			defaultConfigurationIsVisible = 0;
			defaultConfigurationName = Release;
		};
		A3EB1831186D8DA6000B0CDA /* Build configuration list for PBXNativeTarget "gdg" */ = {
			isa = XCConfigurationList;
			buildConfigurations = (
				A3EB1832186D8DA6000B0CDA /* Debug */,
				A3EB1833186D8DA6000B0CDA /* Release */,
			);
			defaultConfigurationIsVisible = 0;
		};
		A3EB1834186D8DA6000B0CDA /* Build configuration list for PBXNativeTarget "gdgTests" */ = {
			isa = XCConfigurationList;
			buildConfigurations = (
				A3EB1835186D8DA6000B0CDA /* Debug */,
				A3EB1836186D8DA6000B0CDA /* Release */,
			);
			defaultConfigurationIsVisible = 0;
		};
/* End XCConfigurationList section */
	};
	rootObject = A3EB17F7186D8DA5000B0CDA /* Project object */;
}
