// !$*UTF8*$!
{
	archiveVersion = 1;
	classes = {
	};
	objectVersion = 46;
	objects = {

/* Begin PBXBuildFile section */
		A39F883B186A37AA005B021F /* Foundation.framework in Frameworks */ = {isa = PBXBuildFile; fileRef = A39F883A186A37AA005B021F /* Foundation.framework */; };
		A39F883D186A37AA005B021F /* CoreGraphics.framework in Frameworks */ = {isa = PBXBuildFile; fileRef = A39F883C186A37AA005B021F /* CoreGraphics.framework */; };
		A39F883F186A37AA005B021F /* UIKit.framework in Frameworks */ = {isa = PBXBuildFile; fileRef = A39F883E186A37AA005B021F /* UIKit.framework */; };
		A39F8845186A37AA005B021F /* InfoPlist.strings in Resources */ = {isa = PBXBuildFile; fileRef = A39F8843186A37AA005B021F /* InfoPlist.strings */; };
		A39F8847186A37AA005B021F /* main.m in Sources */ = {isa = PBXBuildFile; fileRef = A39F8846186A37AA005B021F /* main.m */; };
		A39F884B186A37AA005B021F /* AppDelegate.m in Sources */ = {isa = PBXBuildFile; fileRef = A39F884A186A37AA005B021F /* AppDelegate.m */; };
		A39F884E186A37AA005B021F /* Main.storyboard in Resources */ = {isa = PBXBuildFile; fileRef = A39F884C186A37AA005B021F /* Main.storyboard */; };
		A39F8851186A37AA005B021F /* ViewController.m in Sources */ = {isa = PBXBuildFile; fileRef = A39F8850186A37AA005B021F /* ViewController.m */; };
		A39F8853186A37AA005B021F /* Images.xcassets in Resources */ = {isa = PBXBuildFile; fileRef = A39F8852186A37AA005B021F /* Images.xcassets */; };
		A39F885A186A37AA005B021F /* XCTest.framework in Frameworks */ = {isa = PBXBuildFile; fileRef = A39F8859186A37AA005B021F /* XCTest.framework */; };
		A39F885B186A37AA005B021F /* Foundation.framework in Frameworks */ = {isa = PBXBuildFile; fileRef = A39F883A186A37AA005B021F /* Foundation.framework */; };
		A39F885C186A37AA005B021F /* UIKit.framework in Frameworks */ = {isa = PBXBuildFile; fileRef = A39F883E186A37AA005B021F /* UIKit.framework */; };
		A39F8864186A37AA005B021F /* InfoPlist.strings in Resources */ = {isa = PBXBuildFile; fileRef = A39F8862186A37AA005B021F /* InfoPlist.strings */; };
		A39F8866186A37AA005B021F /* test1Tests.m in Sources */ = {isa = PBXBuildFile; fileRef = A39F8865186A37AA005B021F /* test1Tests.m */; };
/* End PBXBuildFile section */

/* Begin PBXContainerItemProxy section */
		A39F885D186A37AA005B021F /* PBXContainerItemProxy */ = {
			isa = PBXContainerItemProxy;
			containerPortal = A39F882F186A37AA005B021F /* Project object */;
			proxyType = 1;
			remoteGlobalIDString = A39F8836186A37AA005B021F;
			remoteInfo = test1;
		};
/* End PBXContainerItemProxy section */

/* Begin PBXFileReference section */
		A39F8837186A37AA005B021F /* test1.app */ = {isa = PBXFileReference; explicitFileType = wrapper.application; includeInIndex = 0; path = test1.app; sourceTree = BUILT_PRODUCTS_DIR; };
		A39F883A186A37AA005B021F /* Foundation.framework */ = {isa = PBXFileReference; lastKnownFileType = wrapper.framework; name = Foundation.framework; path = System/Library/Frameworks/Foundation.framework; sourceTree = SDKROOT; };
		A39F883C186A37AA005B021F /* CoreGraphics.framework */ = {isa = PBXFileReference; lastKnownFileType = wrapper.framework; name = CoreGraphics.framework; path = System/Library/Frameworks/CoreGraphics.framework; sourceTree = SDKROOT; };
		A39F883E186A37AA005B021F /* UIKit.framework */ = {isa = PBXFileReference; lastKnownFileType = wrapper.framework; name = UIKit.framework; path = System/Library/Frameworks/UIKit.framework; sourceTree = SDKROOT; };
		A39F8842186A37AA005B021F /* test1-Info.plist */ = {isa = PBXFileReference; lastKnownFileType = text.plist.xml; path = "test1-Info.plist"; sourceTree = "<group>"; };
		A39F8844186A37AA005B021F /* en */ = {isa = PBXFileReference; lastKnownFileType = text.plist.strings; name = en; path = en.lproj/InfoPlist.strings; sourceTree = "<group>"; };
		A39F8846186A37AA005B021F /* main.m */ = {isa = PBXFileReference; lastKnownFileType = sourcecode.c.objc; path = main.m; sourceTree = "<group>"; };
		A39F8848186A37AA005B021F /* test1-Prefix.pch */ = {isa = PBXFileReference; lastKnownFileType = sourcecode.c.h; path = "test1-Prefix.pch"; sourceTree = "<group>"; };
		A39F8849186A37AA005B021F /* AppDelegate.h */ = {isa = PBXFileReference; lastKnownFileType = sourcecode.c.h; path = AppDelegate.h; sourceTree = "<group>"; };
		A39F884A186A37AA005B021F /* AppDelegate.m */ = {isa = PBXFileReference; lastKnownFileType = sourcecode.c.objc; path = AppDelegate.m; sourceTree = "<group>"; };
		A39F884D186A37AA005B021F /* Base */ = {isa = PBXFileReference; lastKnownFileType = file.storyboard; name = Base; path = Base.lproj/Main.storyboard; sourceTree = "<group>"; };
		A39F884F186A37AA005B021F /* ViewController.h */ = {isa = PBXFileReference; lastKnownFileType = sourcecode.c.h; path = ViewController.h; sourceTree = "<group>"; };
		A39F8850186A37AA005B021F /* ViewController.m */ = {isa = PBXFileReference; lastKnownFileType = sourcecode.c.objc; path = ViewController.m; sourceTree = "<group>"; };
		A39F8852186A37AA005B021F /* Images.xcassets */ = {isa = PBXFileReference; lastKnownFileType = folder.assetcatalog; path = Images.xcassets; sourceTree = "<group>"; };
		A39F8858186A37AA005B021F /* test1Tests.xctest */ = {isa = PBXFileReference; explicitFileType = wrapper.cfbundle; includeInIndex = 0; path = test1Tests.xctest; sourceTree = BUILT_PRODUCTS_DIR; };
		A39F8859186A37AA005B021F /* XCTest.framework */ = {isa = PBXFileReference; lastKnownFileType = wrapper.framework; name = XCTest.framework; path = Library/Frameworks/XCTest.framework; sourceTree = DEVELOPER_DIR; };
		A39F8861186A37AA005B021F /* test1Tests-Info.plist */ = {isa = PBXFileReference; lastKnownFileType = text.plist.xml; path = "test1Tests-Info.plist"; sourceTree = "<group>"; };
		A39F8863186A37AA005B021F /* en */ = {isa = PBXFileReference; lastKnownFileType = text.plist.strings; name = en; path = en.lproj/InfoPlist.strings; sourceTree = "<group>"; };
		A39F8865186A37AA005B021F /* test1Tests.m */ = {isa = PBXFileReference; lastKnownFileType = sourcecode.c.objc; path = test1Tests.m; sourceTree = "<group>"; };
/* End PBXFileReference section */

/* Begin PBXFrameworksBuildPhase section */
		A39F8834186A37AA005B021F /* Frameworks */ = {
			isa = PBXFrameworksBuildPhase;
			buildActionMask = 2147483647;
			files = (
				A39F883D186A37AA005B021F /* CoreGraphics.framework in Frameworks */,
				A39F883F186A37AA005B021F /* UIKit.framework in Frameworks */,
				A39F883B186A37AA005B021F /* Foundation.framework in Frameworks */,
			);
			runOnlyForDeploymentPostprocessing = 0;
		};
		A39F8855186A37AA005B021F /* Frameworks */ = {
			isa = PBXFrameworksBuildPhase;
			buildActionMask = 2147483647;
			files = (
				A39F885A186A37AA005B021F /* XCTest.framework in Frameworks */,
				A39F885C186A37AA005B021F /* UIKit.framework in Frameworks */,
				A39F885B186A37AA005B021F /* Foundation.framework in Frameworks */,
			);
			runOnlyForDeploymentPostprocessing = 0;
		};
/* End PBXFrameworksBuildPhase section */

/* Begin PBXGroup section */
		A39F882E186A37AA005B021F = {
			isa = PBXGroup;
			children = (
				A39F8840186A37AA005B021F /* test1 */,
				A39F885F186A37AA005B021F /* test1Tests */,
				A39F8839186A37AA005B021F /* Frameworks */,
				A39F8838186A37AA005B021F /* Products */,
			);
			sourceTree = "<group>";
		};
		A39F8838186A37AA005B021F /* Products */ = {
			isa = PBXGroup;
			children = (
				A39F8837186A37AA005B021F /* test1.app */,
				A39F8858186A37AA005B021F /* test1Tests.xctest */,
			);
			name = Products;
			sourceTree = "<group>";
		};
		A39F8839186A37AA005B021F /* Frameworks */ = {
			isa = PBXGroup;
			children = (
				A39F883A186A37AA005B021F /* Foundation.framework */,
				A39F883C186A37AA005B021F /* CoreGraphics.framework */,
				A39F883E186A37AA005B021F /* UIKit.framework */,
				A39F8859186A37AA005B021F /* XCTest.framework */,
			);
			name = Frameworks;
			sourceTree = "<group>";
		};
		A39F8840186A37AA005B021F /* test1 */ = {
			isa = PBXGroup;
			children = (
				A39F8849186A37AA005B021F /* AppDelegate.h */,
				A39F884A186A37AA005B021F /* AppDelegate.m */,
				A39F884C186A37AA005B021F /* Main.storyboard */,
				A39F884F186A37AA005B021F /* ViewController.h */,
				A39F8850186A37AA005B021F /* ViewController.m */,
				A39F8852186A37AA005B021F /* Images.xcassets */,
				A39F8841186A37AA005B021F /* Supporting Files */,
			);
			path = test1;
			sourceTree = "<group>";
		};
		A39F8841186A37AA005B021F /* Supporting Files */ = {
			isa = PBXGroup;
			children = (
				A39F8842186A37AA005B021F /* test1-Info.plist */,
				A39F8843186A37AA005B021F /* InfoPlist.strings */,
				A39F8846186A37AA005B021F /* main.m */,
				A39F8848186A37AA005B021F /* test1-Prefix.pch */,
			);
			name = "Supporting Files";
			sourceTree = "<group>";
		};
		A39F885F186A37AA005B021F /* test1Tests */ = {
			isa = PBXGroup;
			children = (
				A39F8865186A37AA005B021F /* test1Tests.m */,
				A39F8860186A37AA005B021F /* Supporting Files */,
			);
			path = test1Tests;
			sourceTree = "<group>";
		};
		A39F8860186A37AA005B021F /* Supporting Files */ = {
			isa = PBXGroup;
			children = (
				A39F8861186A37AA005B021F /* test1Tests-Info.plist */,
				A39F8862186A37AA005B021F /* InfoPlist.strings */,
			);
			name = "Supporting Files";
			sourceTree = "<group>";
		};
/* End PBXGroup section */

/* Begin PBXNativeTarget section */
		A39F8836186A37AA005B021F /* test1 */ = {
			isa = PBXNativeTarget;
			buildConfigurationList = A39F8869186A37AA005B021F /* Build configuration list for PBXNativeTarget "test1" */;
			buildPhases = (
				A39F8833186A37AA005B021F /* Sources */,
				A39F8834186A37AA005B021F /* Frameworks */,
				A39F8835186A37AA005B021F /* Resources */,
			);
			buildRules = (
			);
			dependencies = (
			);
			name = test1;
			productName = test1;
			productReference = A39F8837186A37AA005B021F /* test1.app */;
			productType = "com.apple.product-type.application";
		};
		A39F8857186A37AA005B021F /* test1Tests */ = {
			isa = PBXNativeTarget;
			buildConfigurationList = A39F886C186A37AA005B021F /* Build configuration list for PBXNativeTarget "test1Tests" */;
			buildPhases = (
				A39F8854186A37AA005B021F /* Sources */,
				A39F8855186A37AA005B021F /* Frameworks */,
				A39F8856186A37AA005B021F /* Resources */,
			);
			buildRules = (
			);
			dependencies = (
				A39F885E186A37AA005B021F /* PBXTargetDependency */,
			);
			name = test1Tests;
			productName = test1Tests;
			productReference = A39F8858186A37AA005B021F /* test1Tests.xctest */;
			productType = "com.apple.product-type.bundle.unit-test";
		};
/* End PBXNativeTarget section */

/* Begin PBXProject section */
		A39F882F186A37AA005B021F /* Project object */ = {
			isa = PBXProject;
			attributes = {
				LastUpgradeCheck = 0500;
				ORGANIZATIONNAME = "Prince Stevie-Ray Charles Balabis";
				TargetAttributes = {
					A39F8857186A37AA005B021F = {
						TestTargetID = A39F8836186A37AA005B021F;
					};
				};
			};
			buildConfigurationList = A39F8832186A37AA005B021F /* Build configuration list for PBXProject "test1" */;
			compatibilityVersion = "Xcode 3.2";
			developmentRegion = English;
			hasScannedForEncodings = 0;
			knownRegions = (
				en,
				Base,
			);
			mainGroup = A39F882E186A37AA005B021F;
			productRefGroup = A39F8838186A37AA005B021F /* Products */;
			projectDirPath = "";
			projectRoot = "";
			targets = (
				A39F8836186A37AA005B021F /* test1 */,
				A39F8857186A37AA005B021F /* test1Tests */,
			);
		};
/* End PBXProject section */

/* Begin PBXResourcesBuildPhase section */
		A39F8835186A37AA005B021F /* Resources */ = {
			isa = PBXResourcesBuildPhase;
			buildActionMask = 2147483647;
			files = (
				A39F8853186A37AA005B021F /* Images.xcassets in Resources */,
				A39F8845186A37AA005B021F /* InfoPlist.strings in Resources */,
				A39F884E186A37AA005B021F /* Main.storyboard in Resources */,
			);
			runOnlyForDeploymentPostprocessing = 0;
		};
		A39F8856186A37AA005B021F /* Resources */ = {
			isa = PBXResourcesBuildPhase;
			buildActionMask = 2147483647;
			files = (
				A39F8864186A37AA005B021F /* InfoPlist.strings in Resources */,
			);
			runOnlyForDeploymentPostprocessing = 0;
		};
/* End PBXResourcesBuildPhase section */

/* Begin PBXSourcesBuildPhase section */
		A39F8833186A37AA005B021F /* Sources */ = {
			isa = PBXSourcesBuildPhase;
			buildActionMask = 2147483647;
			files = (
				A39F8851186A37AA005B021F /* ViewController.m in Sources */,
				A39F884B186A37AA005B021F /* AppDelegate.m in Sources */,
				A39F8847186A37AA005B021F /* main.m in Sources */,
			);
			runOnlyForDeploymentPostprocessing = 0;
		};
		A39F8854186A37AA005B021F /* Sources */ = {
			isa = PBXSourcesBuildPhase;
			buildActionMask = 2147483647;
			files = (
				A39F8866186A37AA005B021F /* test1Tests.m in Sources */,
			);
			runOnlyForDeploymentPostprocessing = 0;
		};
/* End PBXSourcesBuildPhase section */

/* Begin PBXTargetDependency section */
		A39F885E186A37AA005B021F /* PBXTargetDependency */ = {
			isa = PBXTargetDependency;
			target = A39F8836186A37AA005B021F /* test1 */;
			targetProxy = A39F885D186A37AA005B021F /* PBXContainerItemProxy */;
		};
/* End PBXTargetDependency section */

/* Begin PBXVariantGroup section */
		A39F8843186A37AA005B021F /* InfoPlist.strings */ = {
			isa = PBXVariantGroup;
			children = (
				A39F8844186A37AA005B021F /* en */,
			);
			name = InfoPlist.strings;
			sourceTree = "<group>";
		};
		A39F884C186A37AA005B021F /* Main.storyboard */ = {
			isa = PBXVariantGroup;
			children = (
				A39F884D186A37AA005B021F /* Base */,
			);
			name = Main.storyboard;
			sourceTree = "<group>";
		};
		A39F8862186A37AA005B021F /* InfoPlist.strings */ = {
			isa = PBXVariantGroup;
			children = (
				A39F8863186A37AA005B021F /* en */,
			);
			name = InfoPlist.strings;
			sourceTree = "<group>";
		};
/* End PBXVariantGroup section */

/* Begin XCBuildConfiguration section */
		A39F8867186A37AA005B021F /* Debug */ = {
			isa = XCBuildConfiguration;
			buildSettings = {
				ALWAYS_SEARCH_USER_PATHS = NO;
				ARCHS = "$(ARCHS_STANDARD_INCLUDING_64_BIT)";
				CLANG_CXX_LANGUAGE_STANDARD = "gnu++0x";
				CLANG_CXX_LIBRARY = "libc++";
				CLANG_ENABLE_MODULES = YES;
				CLANG_ENABLE_OBJC_ARC = YES;
				CLANG_WARN_BOOL_CONVERSION = YES;
				CLANG_WARN_CONSTANT_CONVERSION = YES;
				CLANG_WARN_DIRECT_OBJC_ISA_USAGE = YES_ERROR;
				CLANG_WARN_EMPTY_BODY = YES;
				CLANG_WARN_ENUM_CONVERSION = YES;
				CLANG_WARN_INT_CONVERSION = YES;
				CLANG_WARN_OBJC_ROOT_CLASS = YES_ERROR;
				CLANG_WARN__DUPLICATE_METHOD_MATCH = YES;
				"CODE_SIGN_IDENTITY[sdk=iphoneos*]" = "iPhone Developer";
				COPY_PHASE_STRIP = NO;
				GCC_C_LANGUAGE_STANDARD = gnu99;
				GCC_DYNAMIC_NO_PIC = NO;
				GCC_OPTIMIZATION_LEVEL = 0;
				GCC_PREPROCESSOR_DEFINITIONS = (
					"DEBUG=1",
					"$(inherited)",
				);
				GCC_SYMBOLS_PRIVATE_EXTERN = NO;
				GCC_WARN_64_TO_32_BIT_CONVERSION = YES;
				GCC_WARN_ABOUT_RETURN_TYPE = YES_ERROR;
				GCC_WARN_UNDECLARED_SELECTOR = YES;
				GCC_WARN_UNINITIALIZED_AUTOS = YES;
				GCC_WARN_UNUSED_FUNCTION = YES;
				GCC_WARN_UNUSED_VARIABLE = YES;
				IPHONEOS_DEPLOYMENT_TARGET = 7.0;
				ONLY_ACTIVE_ARCH = YES;
				SDKROOT = iphoneos;
			};
			name = Debug;
		};
		A39F8868186A37AA005B021F /* Release */ = {
			isa = XCBuildConfiguration;
			buildSettings = {
				ALWAYS_SEARCH_USER_PATHS = NO;
				ARCHS = "$(ARCHS_STANDARD_INCLUDING_64_BIT)";
				CLANG_CXX_LANGUAGE_STANDARD = "gnu++0x";
				CLANG_CXX_LIBRARY = "libc++";
				CLANG_ENABLE_MODULES = YES;
				CLANG_ENABLE_OBJC_ARC = YES;
				CLANG_WARN_BOOL_CONVERSION = YES;
				CLANG_WARN_CONSTANT_CONVERSION = YES;
				CLANG_WARN_DIRECT_OBJC_ISA_USAGE = YES_ERROR;
				CLANG_WARN_EMPTY_BODY = YES;
				CLANG_WARN_ENUM_CONVERSION = YES;
				CLANG_WARN_INT_CONVERSION = YES;
				CLANG_WARN_OBJC_ROOT_CLASS = YES_ERROR;
				CLANG_WARN__DUPLICATE_METHOD_MATCH = YES;
				"CODE_SIGN_IDENTITY[sdk=iphoneos*]" = "iPhone Developer";
				COPY_PHASE_STRIP = YES;
				ENABLE_NS_ASSERTIONS = NO;
				GCC_C_LANGUAGE_STANDARD = gnu99;
				GCC_WARN_64_TO_32_BIT_CONVERSION = YES;
				GCC_WARN_ABOUT_RETURN_TYPE = YES_ERROR;
				GCC_WARN_UNDECLARED_SELECTOR = YES;
				GCC_WARN_UNINITIALIZED_AUTOS = YES;
				GCC_WARN_UNUSED_FUNCTION = YES;
				GCC_WARN_UNUSED_VARIABLE = YES;
				IPHONEOS_DEPLOYMENT_TARGET = 7.0;
				SDKROOT = iphoneos;
				VALIDATE_PRODUCT = YES;
			};
			name = Release;
		};
		A39F886A186A37AA005B021F /* Debug */ = {
			isa = XCBuildConfiguration;
			buildSettings = {
				ASSETCATALOG_COMPILER_APPICON_NAME = AppIcon;
				ASSETCATALOG_COMPILER_LAUNCHIMAGE_NAME = LaunchImage;
				GCC_PRECOMPILE_PREFIX_HEADER = YES;
				GCC_PREFIX_HEADER = "test1/test1-Prefix.pch";
				INFOPLIST_FILE = "test1/test1-Info.plist";
				PRODUCT_NAME = "$(TARGET_NAME)";
				WRAPPER_EXTENSION = app;
			};
			name = Debug;
		};
		A39F886B186A37AA005B021F /* Release */ = {
			isa = XCBuildConfiguration;
			buildSettings = {
				ASSETCATALOG_COMPILER_APPICON_NAME = AppIcon;
				ASSETCATALOG_COMPILER_LAUNCHIMAGE_NAME = LaunchImage;
				GCC_PRECOMPILE_PREFIX_HEADER = YES;
				GCC_PREFIX_HEADER = "test1/test1-Prefix.pch";
				INFOPLIST_FILE = "test1/test1-Info.plist";
				PRODUCT_NAME = "$(TARGET_NAME)";
				WRAPPER_EXTENSION = app;
			};
			name = Release;
		};
		A39F886D186A37AA005B021F /* Debug */ = {
			isa = XCBuildConfiguration;
			buildSettings = {
				ARCHS = "$(ARCHS_STANDARD_INCLUDING_64_BIT)";
				BUNDLE_LOADER = "$(BUILT_PRODUCTS_DIR)/test1.app/test1";
				FRAMEWORK_SEARCH_PATHS = (
					"$(SDKROOT)/Developer/Library/Frameworks",
					"$(inherited)",
					"$(DEVELOPER_FRAMEWORKS_DIR)",
				);
				GCC_PRECOMPILE_PREFIX_HEADER = YES;
				GCC_PREFIX_HEADER = "test1/test1-Prefix.pch";
				GCC_PREPROCESSOR_DEFINITIONS = (
					"DEBUG=1",
					"$(inherited)",
				);
				INFOPLIST_FILE = "test1Tests/test1Tests-Info.plist";
				PRODUCT_NAME = "$(TARGET_NAME)";
				TEST_HOST = "$(BUNDLE_LOADER)";
				WRAPPER_EXTENSION = xctest;
			};
			name = Debug;
		};
		A39F886E186A37AA005B021F /* Release */ = {
			isa = XCBuildConfiguration;
			buildSettings = {
				ARCHS = "$(ARCHS_STANDARD_INCLUDING_64_BIT)";
				BUNDLE_LOADER = "$(BUILT_PRODUCTS_DIR)/test1.app/test1";
				FRAMEWORK_SEARCH_PATHS = (
					"$(SDKROOT)/Developer/Library/Frameworks",
					"$(inherited)",
					"$(DEVELOPER_FRAMEWORKS_DIR)",
				);
				GCC_PRECOMPILE_PREFIX_HEADER = YES;
				GCC_PREFIX_HEADER = "test1/test1-Prefix.pch";
				INFOPLIST_FILE = "test1Tests/test1Tests-Info.plist";
				PRODUCT_NAME = "$(TARGET_NAME)";
				TEST_HOST = "$(BUNDLE_LOADER)";
				WRAPPER_EXTENSION = xctest;
			};
			name = Release;
		};
/* End XCBuildConfiguration section */

/* Begin XCConfigurationList section */
		A39F8832186A37AA005B021F /* Build configuration list for PBXProject "test1" */ = {
			isa = XCConfigurationList;
			buildConfigurations = (
				A39F8867186A37AA005B021F /* Debug */,
				A39F8868186A37AA005B021F /* Release */,
			);
			defaultConfigurationIsVisible = 0;
			defaultConfigurationName = Release;
		};
		A39F8869186A37AA005B021F /* Build configuration list for PBXNativeTarget "test1" */ = {
			isa = XCConfigurationList;
			buildConfigurations = (
				A39F886A186A37AA005B021F /* Debug */,
				A39F886B186A37AA005B021F /* Release */,
			);
			defaultConfigurationIsVisible = 0;
		};
		A39F886C186A37AA005B021F /* Build configuration list for PBXNativeTarget "test1Tests" */ = {
			isa = XCConfigurationList;
			buildConfigurations = (
				A39F886D186A37AA005B021F /* Debug */,
				A39F886E186A37AA005B021F /* Release */,
			);
			defaultConfigurationIsVisible = 0;
		};
/* End XCConfigurationList section */
	};
	rootObject = A39F882F186A37AA005B021F /* Project object */;
}
